
Microsoft Visual Studio Solution File, Format Version 12.00
# Visual Studio 14
VisualStudioVersion = 14.0.24720.0
MinimumVisualStudioVersion = 10.0.40219.1
Project("{FAE04EC0-301F-11D3-BF4B-00C04F79EFBC}") = "Pag75_Exec_IfElse", "Pag75_Exec_IfElse\Pag75_Exec_IfElse.csproj", "{8950C5F2-403D-4F4B-925A-03714F3242B8}"
EndProject
Project("{FAE04EC0-301F-11D3-BF4B-00C04F79EFBC}") = "Pag76_Exec_Flashy", "Pag76_Exec_Flashy\Pag76_Exec_Flashy.csproj", "{0FAD14C1-E521-4C90-A197-CF4D8E576ED0}"
EndProject
Project("{FAE04EC0-301F-11D3-BF4B-00C04F79EFBC}") = "Exercícios_Fragmentos", "Exercícios_Fragmentos\Exercícios_Fragmentos.csproj", "{119EEFFC-A193-47C1-AA0F-79EECC5D4CA9}"
EndProject
Project("{FAE04EC0-301F-11D3-BF4B-00C04F79EFBC}") = "Pag89_Talker_Tester", "Pag89_Talker_Tester\Pag89_Talker_Tester.csproj", "{2E700768-4AA5-4039-8C78-87D031E69B26}"
EndProject
Project("{FAE04EC0-301F-11D3-BF4B-00C04F79EFBC}") = "Pag101_Palhacos", "Pag101_Palhacos\Pag101_Palhacos.csproj", "{FD5CAA9A-4955-43AD-A620-C6E58454AE23}"
EndProject
Project("{FAE04EC0-301F-11D3-BF4B-00C04F79EFBC}") = "Pag111_JogosDeVerao", "Pag111_JogosDeVerao\Pag111_JogosDeVerao.csproj", "{B63ECDC7-4819-4D82-A493-2FBCED591FCF}"
EndProject
Project("{FAE04EC0-301F-11D3-BF4B-00C04F79EFBC}") = "Pag113_JoeAndBob", "Pag113_JoeAndBob\Pag113_JoeAndBob.csproj", "{999B432A-98B8-4E53-B3F9-816867F39CA3}"
EndProject
Project("{FAE04EC0-301F-11D3-BF4B-00C04F79EFBC}") = "Pag130_TiposReferencia", "Pag130_TiposReferencia\Pag130_TiposReferencia.csproj", "{14BACA95-E6D1-48E9-BF9B-959BF1F2CBD1}"
EndProject
Project("{FAE04EC0-301F-11D3-BF4B-00C04F79EFBC}") = "Pag135_ViagemReembolso", "Pag135_ViagemReembolso\Pag135_ViagemReembolso.csproj", "{AB8E09A1-0523-4C59-906E-948BCA99387D}"
EndProject
Project("{FAE04EC0-301F-11D3-BF4B-00C04F79EFBC}") = "Pag142_Elefantes", "Pag142_Elefantes\Pag142_Elefantes.csproj", "{3D36092C-1200-4A5C-8BD6-A18D63534346}"
EndProject
Project("{FAE04EC0-301F-11D3-BF4B-00C04F79EFBC}") = "Pag152_SloppyJoe", "Pag152_SloppyJoe\Pag152_SloppyJoe.csproj", "{216E0BDE-5FDE-42DD-B3E2-4952A1CFE60F}"
EndProject
Project("{FAE04EC0-301F-11D3-BF4B-00C04F79EFBC}") = "Pag159_JogosDeVerao", "Pag159_JogosDeVerao\Pag159_JogosDeVerao.csproj", "{E767B841-1ABE-419E-B596-055AF00272C1}"
EndProject
Project("{FAE04EC0-301F-11D3-BF4B-00C04F79EFBC}") = "Pag160_KeyboardGame", "KeyboardGame\Pag160_KeyboardGame.csproj", "{D7408EB2-9ECD-4B14-BF3B-95289D3921B8}"
EndProject
Project("{FAE04EC0-301F-11D3-BF4B-00C04F79EFBC}") = "Lab1_CorridaCanina", "Lab1_CorridaCanina\Lab1_CorridaCanina.csproj", "{4FC417EC-BFB9-4362-BA7E-17A28DA5469D}"
EndProject
Project("{F088123C-0E9E-452A-89E6-6BA2F21D5CAC}") = "ModelingProject1", "ModelingProject1\ModelingProject1.modelproj", "{8AE30449-FBC0-4741-B376-C09F0B04F902}"
EndProject
Project("{FAE04EC0-301F-11D3-BF4B-00C04F79EFBC}") = "ModelingProject1Lib", "ModelingProject1Lib\ModelingProject1Lib.csproj", "{CA437530-07CC-4F90-B4CE-9BF393190936}"
EndProject
Project("{FAE04EC0-301F-11D3-BF4B-00C04F79EFBC}") = "Pag182_PinnerParty", "Pag182_PinnerParty\Pag182_PinnerParty.csproj", "{DD364687-F10C-4B1D-A798-C0F56C1E69C3}"
EndProject
Global
	GlobalSection(SolutionConfigurationPlatforms) = preSolution
		Debug|Any CPU = Debug|Any CPU
		Release|Any CPU = Release|Any CPU
	EndGlobalSection
	GlobalSection(ProjectConfigurationPlatforms) = postSolution
		{8950C5F2-403D-4F4B-925A-03714F3242B8}.Debug|Any CPU.ActiveCfg = Debug|Any CPU
		{8950C5F2-403D-4F4B-925A-03714F3242B8}.Debug|Any CPU.Build.0 = Debug|Any CPU
		{8950C5F2-403D-4F4B-925A-03714F3242B8}.Release|Any CPU.ActiveCfg = Release|Any CPU
		{8950C5F2-403D-4F4B-925A-03714F3242B8}.Release|Any CPU.Build.0 = Release|Any CPU
		{0FAD14C1-E521-4C90-A197-CF4D8E576ED0}.Debug|Any CPU.ActiveCfg = Debug|Any CPU
		{0FAD14C1-E521-4C90-A197-CF4D8E576ED0}.Debug|Any CPU.Build.0 = Debug|Any CPU
		{0FAD14C1-E521-4C90-A197-CF4D8E576ED0}.Release|Any CPU.ActiveCfg = Release|Any CPU
		{0FAD14C1-E521-4C90-A197-CF4D8E576ED0}.Release|Any CPU.Build.0 = Release|Any CPU
		{119EEFFC-A193-47C1-AA0F-79EECC5D4CA9}.Debug|Any CPU.ActiveCfg = Debug|Any CPU
		{119EEFFC-A193-47C1-AA0F-79EECC5D4CA9}.Debug|Any CPU.Build.0 = Debug|Any CPU
		{119EEFFC-A193-47C1-AA0F-79EECC5D4CA9}.Release|Any CPU.ActiveCfg = Release|Any CPU
		{119EEFFC-A193-47C1-AA0F-79EECC5D4CA9}.Release|Any CPU.Build.0 = Release|Any CPU
		{2E700768-4AA5-4039-8C78-87D031E69B26}.Debug|Any CPU.ActiveCfg = Debug|Any CPU
		{2E700768-4AA5-4039-8C78-87D031E69B26}.Debug|Any CPU.Build.0 = Debug|Any CPU
		{2E700768-4AA5-4039-8C78-87D031E69B26}.Release|Any CPU.ActiveCfg = Release|Any CPU
		{2E700768-4AA5-4039-8C78-87D031E69B26}.Release|Any CPU.Build.0 = Release|Any CPU
		{FD5CAA9A-4955-43AD-A620-C6E58454AE23}.Debug|Any CPU.ActiveCfg = Debug|Any CPU
		{FD5CAA9A-4955-43AD-A620-C6E58454AE23}.Debug|Any CPU.Build.0 = Debug|Any CPU
		{FD5CAA9A-4955-43AD-A620-C6E58454AE23}.Release|Any CPU.ActiveCfg = Release|Any CPU
		{FD5CAA9A-4955-43AD-A620-C6E58454AE23}.Release|Any CPU.Build.0 = Release|Any CPU
		{B63ECDC7-4819-4D82-A493-2FBCED591FCF}.Debug|Any CPU.ActiveCfg = Debug|Any CPU
		{B63ECDC7-4819-4D82-A493-2FBCED591FCF}.Debug|Any CPU.Build.0 = Debug|Any CPU
		{B63ECDC7-4819-4D82-A493-2FBCED591FCF}.Release|Any CPU.ActiveCfg = Release|Any CPU
		{B63ECDC7-4819-4D82-A493-2FBCED591FCF}.Release|Any CPU.Build.0 = Release|Any CPU
		{999B432A-98B8-4E53-B3F9-816867F39CA3}.Debug|Any CPU.ActiveCfg = Debug|Any CPU
		{999B432A-98B8-4E53-B3F9-816867F39CA3}.Debug|Any CPU.Build.0 = Debug|Any CPU
		{999B432A-98B8-4E53-B3F9-816867F39CA3}.Release|Any CPU.ActiveCfg = Release|Any CPU
		{999B432A-98B8-4E53-B3F9-816867F39CA3}.Release|Any CPU.Build.0 = Release|Any CPU
		{14BACA95-E6D1-48E9-BF9B-959BF1F2CBD1}.Debug|Any CPU.ActiveCfg = Debug|Any CPU
		{14BACA95-E6D1-48E9-BF9B-959BF1F2CBD1}.Debug|Any CPU.Build.0 = Debug|Any CPU
		{14BACA95-E6D1-48E9-BF9B-959BF1F2CBD1}.Release|Any CPU.ActiveCfg = Release|Any CPU
		{14BACA95-E6D1-48E9-BF9B-959BF1F2CBD1}.Release|Any CPU.Build.0 = Release|Any CPU
		{AB8E09A1-0523-4C59-906E-948BCA99387D}.Debug|Any CPU.ActiveCfg = Debug|Any CPU
		{AB8E09A1-0523-4C59-906E-948BCA99387D}.Debug|Any CPU.Build.0 = Debug|Any CPU
		{AB8E09A1-0523-4C59-906E-948BCA99387D}.Release|Any CPU.ActiveCfg = Release|Any CPU
		{AB8E09A1-0523-4C59-906E-948BCA99387D}.Release|Any CPU.Build.0 = Release|Any CPU
		{3D36092C-1200-4A5C-8BD6-A18D63534346}.Debug|Any CPU.ActiveCfg = Debug|Any CPU
		{3D36092C-1200-4A5C-8BD6-A18D63534346}.Debug|Any CPU.Build.0 = Debug|Any CPU
		{3D36092C-1200-4A5C-8BD6-A18D63534346}.Release|Any CPU.ActiveCfg = Release|Any CPU
		{3D36092C-1200-4A5C-8BD6-A18D63534346}.Release|Any CPU.Build.0 = Release|Any CPU
		{216E0BDE-5FDE-42DD-B3E2-4952A1CFE60F}.Debug|Any CPU.ActiveCfg = Debug|Any CPU
		{216E0BDE-5FDE-42DD-B3E2-4952A1CFE60F}.Debug|Any CPU.Build.0 = Debug|Any CPU
		{216E0BDE-5FDE-42DD-B3E2-4952A1CFE60F}.Release|Any CPU.ActiveCfg = Release|Any CPU
		{216E0BDE-5FDE-42DD-B3E2-4952A1CFE60F}.Release|Any CPU.Build.0 = Release|Any CPU
		{E767B841-1ABE-419E-B596-055AF00272C1}.Debug|Any CPU.ActiveCfg = Debug|Any CPU
		{E767B841-1ABE-419E-B596-055AF00272C1}.Debug|Any CPU.Build.0 = Debug|Any CPU
		{E767B841-1ABE-419E-B596-055AF00272C1}.Release|Any CPU.ActiveCfg = Release|Any CPU
		{E767B841-1ABE-419E-B596-055AF00272C1}.Release|Any CPU.Build.0 = Release|Any CPU
		{D7408EB2-9ECD-4B14-BF3B-95289D3921B8}.Debug|Any CPU.ActiveCfg = Debug|Any CPU
		{D7408EB2-9ECD-4B14-BF3B-95289D3921B8}.Debug|Any CPU.Build.0 = Debug|Any CPU
		{D7408EB2-9ECD-4B14-BF3B-95289D3921B8}.Release|Any CPU.ActiveCfg = Release|Any CPU
		{D7408EB2-9ECD-4B14-BF3B-95289D3921B8}.Release|Any CPU.Build.0 = Release|Any CPU
		{4FC417EC-BFB9-4362-BA7E-17A28DA5469D}.Debug|Any CPU.ActiveCfg = Debug|Any CPU
		{4FC417EC-BFB9-4362-BA7E-17A28DA5469D}.Debug|Any CPU.Build.0 = Debug|Any CPU
		{4FC417EC-BFB9-4362-BA7E-17A28DA5469D}.Release|Any CPU.ActiveCfg = Release|Any CPU
		{4FC417EC-BFB9-4362-BA7E-17A28DA5469D}.Release|Any CPU.Build.0 = Release|Any CPU
		{8AE30449-FBC0-4741-B376-C09F0B04F902}.Debug|Any CPU.ActiveCfg = Debug|Any CPU
		{8AE30449-FBC0-4741-B376-C09F0B04F902}.Debug|Any CPU.Build.0 = Debug|Any CPU
		{8AE30449-FBC0-4741-B376-C09F0B04F902}.Release|Any CPU.ActiveCfg = Release|Any CPU
		{8AE30449-FBC0-4741-B376-C09F0B04F902}.Release|Any CPU.Build.0 = Release|Any CPU
		{CA437530-07CC-4F90-B4CE-9BF393190936}.Debug|Any CPU.ActiveCfg = Debug|Any CPU
		{CA437530-07CC-4F90-B4CE-9BF393190936}.Debug|Any CPU.Build.0 = Debug|Any CPU
		{CA437530-07CC-4F90-B4CE-9BF393190936}.Release|Any CPU.ActiveCfg = Release|Any CPU
		{CA437530-07CC-4F90-B4CE-9BF393190936}.Release|Any CPU.Build.0 = Release|Any CPU
		{DD364687-F10C-4B1D-A798-C0F56C1E69C3}.Debug|Any CPU.ActiveCfg = Debug|Any CPU
		{DD364687-F10C-4B1D-A798-C0F56C1E69C3}.Debug|Any CPU.Build.0 = Debug|Any CPU
		{DD364687-F10C-4B1D-A798-C0F56C1E69C3}.Release|Any CPU.ActiveCfg = Release|Any CPU
		{DD364687-F10C-4B1D-A798-C0F56C1E69C3}.Release|Any CPU.Build.0 = Release|Any CPU
	EndGlobalSection
	GlobalSection(SolutionProperties) = preSolution
		HideSolutionNode = FALSE
	EndGlobalSection
EndGlobal
